
Microsoft Visual Studio Solution File, Format Version 12.00
# Visual Studio Version 17
VisualStudioVersion = 17.14.36401.2
MinimumVisualStudioVersion = 10.0.40219.1
Project("{FAE04EC0-301F-11D3-BF4B-00C04F79EFBC}") = "BlazorApp4", "BlazorApp4\BlazorApp4.csproj", "{38C602E3-87E9-404C-B2F2-886C89F0AFCB}"
EndProject
Global
	GlobalSection(SolutionConfigurationPlatforms) = preSolution
		Debug|Any CPU = Debug|Any CPU
		Release|Any CPU = Release|Any CPU
	EndGlobalSection
	GlobalSection(ProjectConfigurationPlatforms) = postSolution
		{38C602E3-87E9-404C-B2F2-886C89F0AFCB}.Debug|Any CPU.ActiveCfg = Debug|Any CPU
		{38C602E3-87E9-404C-B2F2-886C89F0AFCB}.Debug|Any CPU.Build.0 = Debug|Any CPU
		{38C602E3-87E9-404C-B2F2-886C89F0AFCB}.Release|Any CPU.ActiveCfg = Release|Any CPU
		{38C602E3-87E9-404C-B2F2-886C89F0AFCB}.Release|Any CPU.Build.0 = Release|Any CPU
	EndGlobalSection
	GlobalSection(SolutionProperties) = preSolution
		HideSolutionNode = FALSE
	EndGlobalSection
	GlobalSection(ExtensibilityGlobals) = postSolution
		SolutionGuid = {9B6A37F5-582C-4419-AA04-AA0029F7BA80}
	EndGlobalSection
EndGlobal
